// !$*UTF8*$!
{
	archiveVersion = 1;
	classes = {
	};
	objectVersion = 56;
	objects = {

/* Begin PBXBuildFile section */
		BA7EC4A72B0B8E1600F54435 /* AppleDevicesApp.swift in Sources */ = {isa = PBXBuildFile; fileRef = BA7EC4A62B0B8E1600F54435 /* AppleDevicesApp.swift */; };
		BA7EC4A92B0B8E1600F54435 /* ContentView.swift in Sources */ = {isa = PBXBuildFile; fileRef = BA7EC4A82B0B8E1600F54435 /* ContentView.swift */; };
		BA7EC4AB2B0B8E1600F54435 /* Assets.xcassets in Resources */ = {isa = PBXBuildFile; fileRef = BA7EC4AA2B0B8E1600F54435 /* Assets.xcassets */; };
		BA7EC4AE2B0B8E1600F54435 /* Preview Assets.xcassets in Resources */ = {isa = PBXBuildFile; fileRef = BA7EC4AD2B0B8E1600F54435 /* Preview Assets.xcassets */; };
		BA7EC4D32B0BAE7200F54435 /* Data.swift in Sources */ = {isa = PBXBuildFile; fileRef = BA7EC4D22B0BAE7200F54435 /* Data.swift */; };
		BA7EC4D52B0BAE8600F54435 /* NewDeviceScreen.swift in Sources */ = {isa = PBXBuildFile; fileRef = BA7EC4D42B0BAE8600F54435 /* NewDeviceScreen.swift */; };
		BAB760832B0F5E6100FF0564 /* DeviceStore.swift in Sources */ = {isa = PBXBuildFile; fileRef = BAB760822B0F5E6100FF0564 /* DeviceStore.swift */; };
/* End PBXBuildFile section */

/* Begin PBXContainerItemProxy section */
		BA7EC4B42B0B8E1600F54435 /* PBXContainerItemProxy */ = {
			isa = PBXContainerItemProxy;
			containerPortal = BA7EC49B2B0B8E1500F54435 /* Project object */;
			proxyType = 1;
			remoteGlobalIDString = BA7EC4A22B0B8E1600F54435;
			remoteInfo = AppleDevices;
		};
		BA7EC4BE2B0B8E1600F54435 /* PBXContainerItemProxy */ = {
			isa = PBXContainerItemProxy;
			containerPortal = BA7EC49B2B0B8E1500F54435 /* Project object */;
			proxyType = 1;
			remoteGlobalIDString = BA7EC4A22B0B8E1600F54435;
			remoteInfo = AppleDevices;
		};
/* End PBXContainerItemProxy section */

/* Begin PBXFileReference section */
		BA7EC4A32B0B8E1600F54435 /* AppleDevices.app */ = {isa = PBXFileReference; explicitFileType = wrapper.application; includeInIndex = 0; path = AppleDevices.app; sourceTree = BUILT_PRODUCTS_DIR; };
		BA7EC4A62B0B8E1600F54435 /* AppleDevicesApp.swift */ = {isa = PBXFileReference; lastKnownFileType = sourcecode.swift; path = AppleDevicesApp.swift; sourceTree = "<group>"; };
		BA7EC4A82B0B8E1600F54435 /* ContentView.swift */ = {isa = PBXFileReference; lastKnownFileType = sourcecode.swift; path = ContentView.swift; sourceTree = "<group>"; };
		BA7EC4AA2B0B8E1600F54435 /* Assets.xcassets */ = {isa = PBXFileReference; lastKnownFileType = folder.assetcatalog; path = Assets.xcassets; sourceTree = "<group>"; };
		BA7EC4AD2B0B8E1600F54435 /* Preview Assets.xcassets */ = {isa = PBXFileReference; lastKnownFileType = folder.assetcatalog; path = "Preview Assets.xcassets"; sourceTree = "<group>"; };
		BA7EC4B32B0B8E1600F54435 /* AppleDevicesTests.xctest */ = {isa = PBXFileReference; explicitFileType = wrapper.cfbundle; includeInIndex = 0; path = AppleDevicesTests.xctest; sourceTree = BUILT_PRODUCTS_DIR; };
		BA7EC4BD2B0B8E1600F54435 /* AppleDevicesUITests.xctest */ = {isa = PBXFileReference; explicitFileType = wrapper.cfbundle; includeInIndex = 0; path = AppleDevicesUITests.xctest; sourceTree = BUILT_PRODUCTS_DIR; };
		BA7EC4D22B0BAE7200F54435 /* Data.swift */ = {isa = PBXFileReference; lastKnownFileType = sourcecode.swift; path = Data.swift; sourceTree = "<group>"; };
		BA7EC4D42B0BAE8600F54435 /* NewDeviceScreen.swift */ = {isa = PBXFileReference; lastKnownFileType = sourcecode.swift; path = NewDeviceScreen.swift; sourceTree = "<group>"; };
		BAB760822B0F5E6100FF0564 /* DeviceStore.swift */ = {isa = PBXFileReference; lastKnownFileType = sourcecode.swift; path = DeviceStore.swift; sourceTree = "<group>"; };
/* End PBXFileReference section */

/* Begin PBXFrameworksBuildPhase section */
		BA7EC4A02B0B8E1600F54435 /* Frameworks */ = {
			isa = PBXFrameworksBuildPhase;
			buildActionMask = 2147483647;
			files = (
			);
			runOnlyForDeploymentPostprocessing = 0;
		};
		BA7EC4B02B0B8E1600F54435 /* Frameworks */ = {
			isa = PBXFrameworksBuildPhase;
			buildActionMask = 2147483647;
			files = (
			);
			runOnlyForDeploymentPostprocessing = 0;
		};
		BA7EC4BA2B0B8E1600F54435 /* Frameworks */ = {
			isa = PBXFrameworksBuildPhase;
			buildActionMask = 2147483647;
			files = (
			);
			runOnlyForDeploymentPostprocessing = 0;
		};
/* End PBXFrameworksBuildPhase section */

/* Begin PBXGroup section */
		BA7EC49A2B0B8E1500F54435 = {
			isa = PBXGroup;
			children = (
				BA7EC4A52B0B8E1600F54435 /* AppleDevices */,
				BA7EC4A42B0B8E1600F54435 /* Products */,
			);
			sourceTree = "<group>";
		};
		BA7EC4A42B0B8E1600F54435 /* Products */ = {
			isa = PBXGroup;
			children = (
				BA7EC4A32B0B8E1600F54435 /* AppleDevices.app */,
				BA7EC4B32B0B8E1600F54435 /* AppleDevicesTests.xctest */,
				BA7EC4BD2B0B8E1600F54435 /* AppleDevicesUITests.xctest */,
			);
			name = Products;
			sourceTree = "<group>";
		};
		BA7EC4A52B0B8E1600F54435 /* AppleDevices */ = {
			isa = PBXGroup;
			children = (
				BA7EC4A62B0B8E1600F54435 /* AppleDevicesApp.swift */,
				BA7EC4A82B0B8E1600F54435 /* ContentView.swift */,
				BAB760822B0F5E6100FF0564 /* DeviceStore.swift */,
				BA7EC4AA2B0B8E1600F54435 /* Assets.xcassets */,
				BA7EC4AC2B0B8E1600F54435 /* Preview Content */,
				BA7EC4D22B0BAE7200F54435 /* Data.swift */,
				BA7EC4D42B0BAE8600F54435 /* NewDeviceScreen.swift */,
			);
			path = AppleDevices;
			sourceTree = "<group>";
		};
		BA7EC4AC2B0B8E1600F54435 /* Preview Content */ = {
			isa = PBXGroup;
			children = (
				BA7EC4AD2B0B8E1600F54435 /* Preview Assets.xcassets */,
			);
			path = "Preview Content";
			sourceTree = "<group>";
		};
/* End PBXGroup section */

/* Begin PBXNativeTarget section */
		BA7EC4A22B0B8E1600F54435 /* AppleDevices */ = {
			isa = PBXNativeTarget;
			buildConfigurationList = BA7EC4C72B0B8E1600F54435 /* Build configuration list for PBXNativeTarget "AppleDevices" */;
			buildPhases = (
				BA7EC49F2B0B8E1600F54435 /* Sources */,
				BA7EC4A02B0B8E1600F54435 /* Frameworks */,
				BA7EC4A12B0B8E1600F54435 /* Resources */,
			);
			buildRules = (
			);
			dependencies = (
			);
			name = AppleDevices;
			productName = AppleDevices;
			productReference = BA7EC4A32B0B8E1600F54435 /* AppleDevices.app */;
			productType = "com.apple.product-type.application";
		};
		BA7EC4B22B0B8E1600F54435 /* AppleDevicesTests */ = {
			isa = PBXNativeTarget;
			buildConfigurationList = BA7EC4CA2B0B8E1600F54435 /* Build configuration list for PBXNativeTarget "AppleDevicesTests" */;
			buildPhases = (
				BA7EC4AF2B0B8E1600F54435 /* Sources */,
				BA7EC4B02B0B8E1600F54435 /* Frameworks */,
				BA7EC4B12B0B8E1600F54435 /* Resources */,
			);
			buildRules = (
			);
			dependencies = (
				BA7EC4B52B0B8E1600F54435 /* PBXTargetDependency */,
			);
			name = AppleDevicesTests;
			productName = AppleDevicesTests;
			productReference = BA7EC4B32B0B8E1600F54435 /* AppleDevicesTests.xctest */;
			productType = "com.apple.product-type.bundle.unit-test";
		};
		BA7EC4BC2B0B8E1600F54435 /* AppleDevicesUITests */ = {
			isa = PBXNativeTarget;
			buildConfigurationList = BA7EC4CD2B0B8E1600F54435 /* Build configuration list for PBXNativeTarget "AppleDevicesUITests" */;
			buildPhases = (
				BA7EC4B92B0B8E1600F54435 /* Sources */,
				BA7EC4BA2B0B8E1600F54435 /* Frameworks */,
				BA7EC4BB2B0B8E1600F54435 /* Resources */,
			);
			buildRules = (
			);
			dependencies = (
				BA7EC4BF2B0B8E1600F54435 /* PBXTargetDependency */,
			);
			name = AppleDevicesUITests;
			productName = AppleDevicesUITests;
			productReference = BA7EC4BD2B0B8E1600F54435 /* AppleDevicesUITests.xctest */;
			productType = "com.apple.product-type.bundle.ui-testing";
		};
/* End PBXNativeTarget section */

/* Begin PBXProject section */
		BA7EC49B2B0B8E1500F54435 /* Project object */ = {
			isa = PBXProject;
			attributes = {
				BuildIndependentTargetsInParallel = 1;
				LastSwiftUpdateCheck = 1500;
				LastUpgradeCheck = 1500;
				TargetAttributes = {
					BA7EC4A22B0B8E1600F54435 = {
						CreatedOnToolsVersion = 15.0.1;
					};
					BA7EC4B22B0B8E1600F54435 = {
						CreatedOnToolsVersion = 15.0.1;
						TestTargetID = BA7EC4A22B0B8E1600F54435;
					};
					BA7EC4BC2B0B8E1600F54435 = {
						CreatedOnToolsVersion = 15.0.1;
						TestTargetID = BA7EC4A22B0B8E1600F54435;
					};
				};
			};
			buildConfigurationList = BA7EC49E2B0B8E1500F54435 /* Build configuration list for PBXProject "AppleDevices" */;
			compatibilityVersion = "Xcode 14.0";
			developmentRegion = en;
			hasScannedForEncodings = 0;
			knownRegions = (
				en,
				Base,
			);
			mainGroup = BA7EC49A2B0B8E1500F54435;
			productRefGroup = BA7EC4A42B0B8E1600F54435 /* Products */;
			projectDirPath = "";
			projectRoot = "";
			targets = (
				BA7EC4A22B0B8E1600F54435 /* AppleDevices */,
				BA7EC4B22B0B8E1600F54435 /* AppleDevicesTests */,
				BA7EC4BC2B0B8E1600F54435 /* AppleDevicesUITests */,
			);
		};
/* End PBXProject section */

/* Begin PBXResourcesBuildPhase section */
		BA7EC4A12B0B8E1600F54435 /* Resources */ = {
			isa = PBXResourcesBuildPhase;
			buildActionMask = 2147483647;
			files = (
				BA7EC4AE2B0B8E1600F54435 /* Preview Assets.xcassets in Resources */,
				BA7EC4AB2B0B8E1600F54435 /* Assets.xcassets in Resources */,
			);
			runOnlyForDeploymentPostprocessing = 0;
		};
		BA7EC4B12B0B8E1600F54435 /* Resources */ = {
			isa = PBXResourcesBuildPhase;
			buildActionMask = 2147483647;
			files = (
			);
			runOnlyForDeploymentPostprocessing = 0;
		};
		BA7EC4BB2B0B8E1600F54435 /* Resources */ = {
			isa = PBXResourcesBuildPhase;
			buildActionMask = 2147483647;
			files = (
			);
			runOnlyForDeploymentPostprocessing = 0;
		};
/* End PBXResourcesBuildPhase section */

/* Begin PBXSourcesBuildPhase section */
		BA7EC49F2B0B8E1600F54435 /* Sources */ = {
			isa = PBXSourcesBuildPhase;
			buildActionMask = 2147483647;
			files = (
				BA7EC4A92B0B8E1600F54435 /* ContentView.swift in Sources */,
				BA7EC4D32B0BAE7200F54435 /* Data.swift in Sources */,
				BA7EC4D52B0BAE8600F54435 /* NewDeviceScreen.swift in Sources */,
				BAB760832B0F5E6100FF0564 /* DeviceStore.swift in Sources */,
				BA7EC4A72B0B8E1600F54435 /* AppleDevicesApp.swift in Sources */,
			);
			runOnlyForDeploymentPostprocessing = 0;
		};
		BA7EC4AF2B0B8E1600F54435 /* Sources */ = {
			isa = PBXSourcesBuildPhase;
			buildActionMask = 2147483647;
			files = (
			);
			runOnlyForDeploymentPostprocessing = 0;
		};
		BA7EC4B92B0B8E1600F54435 /* Sources */ = {
			isa = PBXSourcesBuildPhase;
			buildActionMask = 2147483647;
			files = (
			);
			runOnlyForDeploymentPostprocessing = 0;
		};
/* End PBXSourcesBuildPhase section */

/* Begin PBXTargetDependency section */
		BA7EC4B52B0B8E1600F54435 /* PBXTargetDependency */ = {
			isa = PBXTargetDependency;
			target = BA7EC4A22B0B8E1600F54435 /* AppleDevices */;
			targetProxy = BA7EC4B42B0B8E1600F54435 /* PBXContainerItemProxy */;
		};
		BA7EC4BF2B0B8E1600F54435 /* PBXTargetDependency */ = {
			isa = PBXTargetDependency;
			target = BA7EC4A22B0B8E1600F54435 /* AppleDevices */;
			targetProxy = BA7EC4BE2B0B8E1600F54435 /* PBXContainerItemProxy */;
		};
/* End PBXTargetDependency section */

/* Begin XCBuildConfiguration section */
		BA7EC4C52B0B8E1600F54435 /* Debug */ = {
			isa = XCBuildConfiguration;
			buildSettings = {
				ALWAYS_SEARCH_USER_PATHS = NO;
				ASSETCATALOG_COMPILER_GENERATE_SWIFT_ASSET_SYMBOL_EXTENSIONS = YES;
				CLANG_ANALYZER_NONNULL = YES;
				CLANG_ANALYZER_NUMBER_OBJECT_CONVERSION = YES_AGGRESSIVE;
				CLANG_CXX_LANGUAGE_STANDARD = "gnu++20";
				CLANG_ENABLE_MODULES = YES;
				CLANG_ENABLE_OBJC_ARC = YES;
				CLANG_ENABLE_OBJC_WEAK = YES;
				CLANG_WARN_BLOCK_CAPTURE_AUTORELEASING = YES;
				CLANG_WARN_BOOL_CONVERSION = YES;
				CLANG_WARN_COMMA = YES;
				CLANG_WARN_CONSTANT_CONVERSION = YES;
				CLANG_WARN_DEPRECATED_OBJC_IMPLEMENTATIONS = YES;
				CLANG_WARN_DIRECT_OBJC_ISA_USAGE = YES_ERROR;
				CLANG_WARN_DOCUMENTATION_COMMENTS = YES;
				CLANG_WARN_EMPTY_BODY = YES;
				CLANG_WARN_ENUM_CONVERSION = YES;
				CLANG_WARN_INFINITE_RECURSION = YES;
				CLANG_WARN_INT_CONVERSION = YES;
				CLANG_WARN_NON_LITERAL_NULL_CONVERSION = YES;
				CLANG_WARN_OBJC_IMPLICIT_RETAIN_SELF = YES;
				CLANG_WARN_OBJC_LITERAL_CONVERSION = YES;
				CLANG_WARN_OBJC_ROOT_CLASS = YES_ERROR;
				CLANG_WARN_QUOTED_INCLUDE_IN_FRAMEWORK_HEADER = YES;
				CLANG_WARN_RANGE_LOOP_ANALYSIS = YES;
				CLANG_WARN_STRICT_PROTOTYPES = YES;
				CLANG_WARN_SUSPICIOUS_MOVE = YES;
				CLANG_WARN_UNGUARDED_AVAILABILITY = YES_AGGRESSIVE;
				CLANG_WARN_UNREACHABLE_CODE = YES;
				CLANG_WARN__DUPLICATE_METHOD_MATCH = YES;
				COPY_PHASE_STRIP = NO;
				DEBUG_INFORMATION_FORMAT = dwarf;
				ENABLE_STRICT_OBJC_MSGSEND = YES;
				ENABLE_TESTABILITY = YES;
				ENABLE_USER_SCRIPT_SANDBOXING = YES;
				GCC_C_LANGUAGE_STANDARD = gnu17;
				GCC_DYNAMIC_NO_PIC = NO;
				GCC_NO_COMMON_BLOCKS = YES;
				GCC_OPTIMIZATION_LEVEL = 0;
				GCC_PREPROCESSOR_DEFINITIONS = (
					"DEBUG=1",
					"$(inherited)",
				);
				GCC_WARN_64_TO_32_BIT_CONVERSION = YES;
				GCC_WARN_ABOUT_RETURN_TYPE = YES_ERROR;
				GCC_WARN_UNDECLARED_SELECTOR = YES;
				GCC_WARN_UNINITIALIZED_AUTOS = YES_AGGRESSIVE;
				GCC_WARN_UNUSED_FUNCTION = YES;
				GCC_WARN_UNUSED_VARIABLE = YES;
				IPHONEOS_DEPLOYMENT_TARGET = 17.0;
				LOCALIZATION_PREFERS_STRING_CATALOGS = YES;
				MTL_ENABLE_DEBUG_INFO = INCLUDE_SOURCE;
				MTL_FAST_MATH = YES;
				ONLY_ACTIVE_ARCH = YES;
				SDKROOT = iphoneos;
				SWIFT_ACTIVE_COMPILATION_CONDITIONS = "DEBUG $(inherited)";
				SWIFT_OPTIMIZATION_LEVEL = "-Onone";
			};
			name = Debug;
		};
		BA7EC4C62B0B8E1600F54435 /* Release */ = {
			isa = XCBuildConfiguration;
			buildSettings = {
				ALWAYS_SEARCH_USER_PATHS = NO;
				ASSETCATALOG_COMPILER_GENERATE_SWIFT_ASSET_SYMBOL_EXTENSIONS = YES;
				CLANG_ANALYZER_NONNULL = YES;
				CLANG_ANALYZER_NUMBER_OBJECT_CONVERSION = YES_AGGRESSIVE;
				CLANG_CXX_LANGUAGE_STANDARD = "gnu++20";
				CLANG_ENABLE_MODULES = YES;
				CLANG_ENABLE_OBJC_ARC = YES;
				CLANG_ENABLE_OBJC_WEAK = YES;
				CLANG_WARN_BLOCK_CAPTURE_AUTORELEASING = YES;
				CLANG_WARN_BOOL_CONVERSION = YES;
				CLANG_WARN_COMMA = YES;
				CLANG_WARN_CONSTANT_CONVERSION = YES;
				CLANG_WARN_DEPRECATED_OBJC_IMPLEMENTATIONS = YES;
				CLANG_WARN_DIRECT_OBJC_ISA_USAGE = YES_ERROR;
				CLANG_WARN_DOCUMENTATION_COMMENTS = YES;
				CLANG_WARN_EMPTY_BODY = YES;
				CLANG_WARN_ENUM_CONVERSION = YES;
				CLANG_WARN_INFINITE_RECURSION = YES;
				CLANG_WARN_INT_CONVERSION = YES;
				CLANG_WARN_NON_LITERAL_NULL_CONVERSION = YES;
				CLANG_WARN_OBJC_IMPLICIT_RETAIN_SELF = YES;
				CLANG_WARN_OBJC_LITERAL_CONVERSION = YES;
				CLANG_WARN_OBJC_ROOT_CLASS = YES_ERROR;
				CLANG_WARN_QUOTED_INCLUDE_IN_FRAMEWORK_HEADER = YES;
				CLANG_WARN_RANGE_LOOP_ANALYSIS = YES;
				CLANG_WARN_STRICT_PROTOTYPES = YES;
				CLANG_WARN_SUSPICIOUS_MOVE = YES;
				CLANG_WARN_UNGUARDED_AVAILABILITY = YES_AGGRESSIVE;
				CLANG_WARN_UNREACHABLE_CODE = YES;
				CLANG_WARN__DUPLICATE_METHOD_MATCH = YES;
				COPY_PHASE_STRIP = NO;
				DEBUG_INFORMATION_FORMAT = "dwarf-with-dsym";
				ENABLE_NS_ASSERTIONS = NO;
				ENABLE_STRICT_OBJC_MSGSEND = YES;
				ENABLE_USER_SCRIPT_SANDBOXING = YES;
				GCC_C_LANGUAGE_STANDARD = gnu17;
				GCC_NO_COMMON_BLOCKS = YES;
				GCC_WARN_64_TO_32_BIT_CONVERSION = YES;
				GCC_WARN_ABOUT_RETURN_TYPE = YES_ERROR;
				GCC_WARN_UNDECLARED_SELECTOR = YES;
				GCC_WARN_UNINITIALIZED_AUTOS = YES_AGGRESSIVE;
				GCC_WARN_UNUSED_FUNCTION = YES;
				GCC_WARN_UNUSED_VARIABLE = YES;
				IPHONEOS_DEPLOYMENT_TARGET = 17.0;
				LOCALIZATION_PREFERS_STRING_CATALOGS = YES;
				MTL_ENABLE_DEBUG_INFO = NO;
				MTL_FAST_MATH = YES;
				SDKROOT = iphoneos;
				SWIFT_COMPILATION_MODE = wholemodule;
				VALIDATE_PRODUCT = YES;
			};
			name = Release;
		};
		BA7EC4C82B0B8E1600F54435 /* Debug */ = {
			isa = XCBuildConfiguration;
			buildSettings = {
				ASSETCATALOG_COMPILER_APPICON_NAME = AppIcon;
				ASSETCATALOG_COMPILER_GLOBAL_ACCENT_COLOR_NAME = AccentColor;
				CODE_SIGN_STYLE = Automatic;
				CURRENT_PROJECT_VERSION = 1;
				DEVELOPMENT_ASSET_PATHS = "\"AppleDevices/Preview Content\"";
				ENABLE_PREVIEWS = YES;
				GENERATE_INFOPLIST_FILE = YES;
				INFOPLIST_KEY_UIApplicationSceneManifest_Generation = YES;
				INFOPLIST_KEY_UIApplicationSupportsIndirectInputEvents = YES;
				INFOPLIST_KEY_UILaunchScreen_Generation = YES;
				INFOPLIST_KEY_UISupportedInterfaceOrientations_iPad = "UIInterfaceOrientationPortrait UIInterfaceOrientationPortraitUpsideDown UIInterfaceOrientationLandscapeLeft UIInterfaceOrientationLandscapeRight";
				INFOPLIST_KEY_UISupportedInterfaceOrientations_iPhone = "UIInterfaceOrientationPortrait UIInterfaceOrientationLandscapeLeft UIInterfaceOrientationLandscapeRight";
				LD_RUNPATH_SEARCH_PATHS = (
					"$(inherited)",
					"@executable_path/Frameworks",
				);
				MARKETING_VERSION = 1.0;
				PRODUCT_BUNDLE_IDENTIFIER = "Augustin-Briolon.AppleDevices";
				PRODUCT_NAME = "$(TARGET_NAME)";
				SWIFT_EMIT_LOC_STRINGS = YES;
				SWIFT_VERSION = 5.0;
				TARGETED_DEVICE_FAMILY = "1,2";
			};
			name = Debug;
		};
		BA7EC4C92B0B8E1600F54435 /* Release */ = {
			isa = XCBuildConfiguration;
			buildSettings = {
				ASSETCATALOG_COMPILER_APPICON_NAME = AppIcon;
				ASSETCATALOG_COMPILER_GLOBAL_ACCENT_COLOR_NAME = AccentColor;
				CODE_SIGN_STYLE = Automatic;
				CURRENT_PROJECT_VERSION = 1;
				DEVELOPMENT_ASSET_PATHS = "\"AppleDevices/Preview Content\"";
				ENABLE_PREVIEWS = YES;
				GENERATE_INFOPLIST_FILE = YES;
				INFOPLIST_KEY_UIApplicationSceneManifest_Generation = YES;
				INFOPLIST_KEY_UIApplicationSupportsIndirectInputEvents = YES;
				INFOPLIST_KEY_UILaunchScreen_Generation = YES;
				INFOPLIST_KEY_UISupportedInterfaceOrientations_iPad = "UIInterfaceOrientationPortrait UIInterfaceOrientationPortraitUpsideDown UIInterfaceOrientationLandscapeLeft UIInterfaceOrientationLandscapeRight";
				INFOPLIST_KEY_UISupportedInterfaceOrientations_iPhone = "UIInterfaceOrientationPortrait UIInterfaceOrientationLandscapeLeft UIInterfaceOrientationLandscapeRight";
				LD_RUNPATH_SEARCH_PATHS = (
					"$(inherited)",
					"@executable_path/Frameworks",
				);
				MARKETING_VERSION = 1.0;
				PRODUCT_BUNDLE_IDENTIFIER = "Augustin-Briolon.AppleDevices";
				PRODUCT_NAME = "$(TARGET_NAME)";
				SWIFT_EMIT_LOC_STRINGS = YES;
				SWIFT_VERSION = 5.0;
				TARGETED_DEVICE_FAMILY = "1,2";
			};
			name = Release;
		};
		BA7EC4CB2B0B8E1600F54435 /* Debug */ = {
			isa = XCBuildConfiguration;
			buildSettings = {
				ALWAYS_EMBED_SWIFT_STANDARD_LIBRARIES = YES;
				BUNDLE_LOADER = "$(TEST_HOST)";
				CODE_SIGN_STYLE = Automatic;
				CURRENT_PROJECT_VERSION = 1;
				GENERATE_INFOPLIST_FILE = YES;
				IPHONEOS_DEPLOYMENT_TARGET = 17.0;
				MARKETING_VERSION = 1.0;
				PRODUCT_BUNDLE_IDENTIFIER = "Augustin-Briolon.AppleDevicesTests";
				PRODUCT_NAME = "$(TARGET_NAME)";
				SWIFT_EMIT_LOC_STRINGS = NO;
				SWIFT_VERSION = 5.0;
				TARGETED_DEVICE_FAMILY = "1,2";
				TEST_HOST = "$(BUILT_PRODUCTS_DIR)/AppleDevices.app/$(BUNDLE_EXECUTABLE_FOLDER_PATH)/AppleDevices";
			};
			name = Debug;
		};
		BA7EC4CC2B0B8E1600F54435 /* Release */ = {
			isa = XCBuildConfiguration;
			buildSettings = {
				ALWAYS_EMBED_SWIFT_STANDARD_LIBRARIES = YES;
				BUNDLE_LOADER = "$(TEST_HOST)";
				CODE_SIGN_STYLE = Automatic;
				CURRENT_PROJECT_VERSION = 1;
				GENERATE_INFOPLIST_FILE = YES;
				IPHONEOS_DEPLOYMENT_TARGET = 17.0;
				MARKETING_VERSION = 1.0;
				PRODUCT_BUNDLE_IDENTIFIER = "Augustin-Briolon.AppleDevicesTests";
				PRODUCT_NAME = "$(TARGET_NAME)";
				SWIFT_EMIT_LOC_STRINGS = NO;
				SWIFT_VERSION = 5.0;
				TARGETED_DEVICE_FAMILY = "1,2";
				TEST_HOST = "$(BUILT_PRODUCTS_DIR)/AppleDevices.app/$(BUNDLE_EXECUTABLE_FOLDER_PATH)/AppleDevices";
			};
			name = Release;
		};
		BA7EC4CE2B0B8E1600F54435 /* Debug */ = {
			isa = XCBuildConfiguration;
			buildSettings = {
				ALWAYS_EMBED_SWIFT_STANDARD_LIBRARIES = YES;
				CODE_SIGN_STYLE = Automatic;
				CURRENT_PROJECT_VERSION = 1;
				GENERATE_INFOPLIST_FILE = YES;
				MARKETING_VERSION = 1.0;
				PRODUCT_BUNDLE_IDENTIFIER = "Augustin-Briolon.AppleDevicesUITests";
				PRODUCT_NAME = "$(TARGET_NAME)";
				SWIFT_EMIT_LOC_STRINGS = NO;
				SWIFT_VERSION = 5.0;
				TARGETED_DEVICE_FAMILY = "1,2";
				TEST_TARGET_NAME = AppleDevices;
			};
			name = Debug;
		};
		BA7EC4CF2B0B8E1600F54435 /* Release */ = {
			isa = XCBuildConfiguration;
			buildSettings = {
				ALWAYS_EMBED_SWIFT_STANDARD_LIBRARIES = YES;
				CODE_SIGN_STYLE = Automatic;
				CURRENT_PROJECT_VERSION = 1;
				GENERATE_INFOPLIST_FILE = YES;
				MARKETING_VERSION = 1.0;
				PRODUCT_BUNDLE_IDENTIFIER = "Augustin-Briolon.AppleDevicesUITests";
				PRODUCT_NAME = "$(TARGET_NAME)";
				SWIFT_EMIT_LOC_STRINGS = NO;
				SWIFT_VERSION = 5.0;
				TARGETED_DEVICE_FAMILY = "1,2";
				TEST_TARGET_NAME = AppleDevices;
			};
			name = Release;
		};
/* End XCBuildConfiguration section */

/* Begin XCConfigurationList section */
		BA7EC49E2B0B8E1500F54435 /* Build configuration list for PBXProject "AppleDevices" */ = {
			isa = XCConfigurationList;
			buildConfigurations = (
				BA7EC4C52B0B8E1600F54435 /* Debug */,
				BA7EC4C62B0B8E1600F54435 /* Release */,
			);
			defaultConfigurationIsVisible = 0;
			defaultConfigurationName = Release;
		};
		BA7EC4C72B0B8E1600F54435 /* Build configuration list for PBXNativeTarget "AppleDevices" */ = {
			isa = XCConfigurationList;
			buildConfigurations = (
				BA7EC4C82B0B8E1600F54435 /* Debug */,
				BA7EC4C92B0B8E1600F54435 /* Release */,
			);
			defaultConfigurationIsVisible = 0;
			defaultConfigurationName = Release;
		};
		BA7EC4CA2B0B8E1600F54435 /* Build configuration list for PBXNativeTarget "AppleDevicesTests" */ = {
			isa = XCConfigurationList;
			buildConfigurations = (
				BA7EC4CB2B0B8E1600F54435 /* Debug */,
				BA7EC4CC2B0B8E1600F54435 /* Release */,
			);
			defaultConfigurationIsVisible = 0;
			defaultConfigurationName = Release;
		};
		BA7EC4CD2B0B8E1600F54435 /* Build configuration list for PBXNativeTarget "AppleDevicesUITests" */ = {
			isa = XCConfigurationList;
			buildConfigurations = (
				BA7EC4CE2B0B8E1600F54435 /* Debug */,
				BA7EC4CF2B0B8E1600F54435 /* Release */,
			);
			defaultConfigurationIsVisible = 0;
			defaultConfigurationName = Release;
		};
/* End XCConfigurationList section */
	};
	rootObject = BA7EC49B2B0B8E1500F54435 /* Project object */;
}
